{
  "object": {
    "pins": [
      {
        "package": "CTLS",
        "repositoryURL": "https://github.com/vapor/ctls.git",
        "state": {
          "branch": null,
          "revision": "fddec6a4643d6e85b6bb6dc54b1b5cdbabd395d2",
          "version": "1.1.2"
        }
      },
      {
        "package": "Menkyo",
        "repositoryURL": "https://github.com/Yasumoto/Menkyo",
        "state": {
          "branch": null,
          "revision": "332ced6157913dba0264d1a7286d60db0473de39",
          "version": "1.1.0"
        }
      }
    ]
  },
  "version": 1
}
